github.com/hkhk366/test_dep v0.0.3 h1:siD+3BuWtLTIKu3LpIrD/26+EwoOuf7sxKVsBKSNqow=
github.com/hkhk366/test_dep v0.0.3/go.mod h1:7U6XVH7dfPD10eC6xEDvBy2BpR21uEtRffoFF8Au5UY=
github.com/hkhk366/test_dep v0.0.4 h1:8S4mPvpgfK7qWy5rpWSAzvV2kbW1+DqnPA5k2lqmsig=
github.com/hkhk366/test_dep v0.0.4/go.mod h1:7U6XVH7dfPD10eC6xEDvBy2BpR21uEtRffoFF8Au5UY=
github.com/hkhk366/test_dep v0.0.6 h1:5zxqizI7bgzHjXTYytED4PPs3mRnOXb/Edy3S3Oz6zA=
github.com/hkhk366/test_dep v0.0.6/go.mod h1:7U6XVH7dfPD10eC6xEDvBy2BpR21uEtRffoFF8Au5UY=
